
Microsoft Visual Studio Solution File, Format Version 12.00
# Visual Studio 14
VisualStudioVersion = 14.0.23107.0
MinimumVisualStudioVersion = 10.0.40219.1
Project("{FAE04EC0-301F-11D3-BF4B-00C04F79EFBC}") = "ClanBattlesService", "ClanBattlesService\ClanBattlesService.csproj", "{58A2CE8E-909A-43D1-A1BD-0B7D3358275B}"
EndProject
Global
	GlobalSection(SolutionConfigurationPlatforms) = preSolution
		Debug|Any CPU = Debug|Any CPU
		Release|Any CPU = Release|Any CPU
	EndGlobalSection
	GlobalSection(ProjectConfigurationPlatforms) = postSolution
		{58A2CE8E-909A-43D1-A1BD-0B7D3358275B}.Debug|Any CPU.ActiveCfg = Debug|Any CPU
		{58A2CE8E-909A-43D1-A1BD-0B7D3358275B}.Debug|Any CPU.Build.0 = Debug|Any CPU
		{58A2CE8E-909A-43D1-A1BD-0B7D3358275B}.Release|Any CPU.ActiveCfg = Release|Any CPU
		{58A2CE8E-909A-43D1-A1BD-0B7D3358275B}.Release|Any CPU.Build.0 = Release|Any CPU
	EndGlobalSection
	GlobalSection(SolutionProperties) = preSolution
		HideSolutionNode = FALSE
	EndGlobalSection
EndGlobal
